{
  "name": "esc-yuljeon-trailer",
  "lockfileVersion": 3,
  "requires": true,
  "packages": {
    "": {
      "name": "esc-yuljeon-trailer",
      "devDependencies": {
        "galmuri": "2.40.3",
        "playwright-core": "1.56.1"
      }
    },
    "node_modules/galmuri": {
      "version": "2.40.3",
      "resolved": "https://registry.npmjs.org/galmuri/-/galmuri-2.40.3.tgz",
      "integrity": "sha512-eXflXih1AWy2J+jWeT5sGVj4PUCb1bMK7lnwKDKMzEd3lx+F6myuxqp6c0eZlD7EMXOicUYaM+FH7DAoQ7mWbw==",
      "dev": true,
      "funding": [
        {
          "type": "patreon",
          "url": "https://patreon.com/quiple"
        },
        {
          "type": "liberapay",
          "url": "https://liberapay.com/quiple"
        }
      ],
      "license": "OFL-1.1"
    },
    "node_modules/playwright-core": {
      "version": "1.56.1",
      "resolved": "https://registry.npmjs.org/playwright-core/-/playwright-core-1.56.1.tgz",
      "integrity": "sha512-hutraynyn31F+Bifme+Ps9Vq59hKuUCz7H1kDOcBs+2oGguKkWTU50bBWrtz34OUWmIwpBTWDxaRPXrIXkgvmQ==",
      "dev": true,
      "license": "Apache-2.0",
      "bin": {
        "playwright-core": "cli.js"
      },
      "engines": {
        "node": ">=18"
      }
    }
  }
}
